
Microsoft Visual Studio Solution File, Format Version 12.00
# Visual Studio Version 16
VisualStudioVersion = 16.0.29326.143
MinimumVisualStudioVersion = 10.0.40219.1
Project("{2150E333-8FDC-42A3-9474-1A3956D46DE8}") = "Src", "Src", "{2636973F-A4A4-447F-A1EF-93CE35620313}"
EndProject
Project("{2150E333-8FDC-42A3-9474-1A3956D46DE8}") = "Docs", "Docs", "{ED72F4C2-37C1-4E7C-B769-CFE27A45D70D}"
EndProject
Project("{2150E333-8FDC-42A3-9474-1A3956D46DE8}") = "Presentation", "Presentation", "{688EAC32-0FF5-4169-AE3C-FF2E9C3E33DF}"
EndProject
Project("{FAE04EC0-301F-11D3-BF4B-00C04F79EFBC}") = "CVMaker.WebApp", "CVMaker.WebApp\CVMaker.WebApp.csproj", "{72C02B0E-3286-43AE-B0A7-FF8695E16A07}"
EndProject
Project("{2150E333-8FDC-42A3-9474-1A3956D46DE8}") = "Core", "Core", "{BD66A3F6-A8E5-46F5-A0B4-711FB261A271}"
EndProject
Project("{FAE04EC0-301F-11D3-BF4B-00C04F79EFBC}") = "CVMaker.Application", "CVMaker.Application\CVMaker.Application.csproj", "{27A4073F-29C3-46D5-89A6-8732A228606C}"
EndProject
Project("{FAE04EC0-301F-11D3-BF4B-00C04F79EFBC}") = "CVMaker.Domain", "CVMaker.Domain\CVMaker.Domain.csproj", "{38BEE5E5-2440-4918-B8CC-C0F77EEE56F4}"
EndProject
Project("{2150E333-8FDC-42A3-9474-1A3956D46DE8}") = "Infrastructure", "Infrastructure", "{6A205F56-3C8C-4070-9604-81B8759FA5BD}"
EndProject
Global
	GlobalSection(SolutionConfigurationPlatforms) = preSolution
		Debug|Any CPU = Debug|Any CPU
		Release|Any CPU = Release|Any CPU
	EndGlobalSection
	GlobalSection(ProjectConfigurationPlatforms) = postSolution
		{72C02B0E-3286-43AE-B0A7-FF8695E16A07}.Debug|Any CPU.ActiveCfg = Debug|Any CPU
		{72C02B0E-3286-43AE-B0A7-FF8695E16A07}.Debug|Any CPU.Build.0 = Debug|Any CPU
		{72C02B0E-3286-43AE-B0A7-FF8695E16A07}.Release|Any CPU.ActiveCfg = Release|Any CPU
		{72C02B0E-3286-43AE-B0A7-FF8695E16A07}.Release|Any CPU.Build.0 = Release|Any CPU
		{27A4073F-29C3-46D5-89A6-8732A228606C}.Debug|Any CPU.ActiveCfg = Debug|Any CPU
		{27A4073F-29C3-46D5-89A6-8732A228606C}.Debug|Any CPU.Build.0 = Debug|Any CPU
		{27A4073F-29C3-46D5-89A6-8732A228606C}.Release|Any CPU.ActiveCfg = Release|Any CPU
		{27A4073F-29C3-46D5-89A6-8732A228606C}.Release|Any CPU.Build.0 = Release|Any CPU
		{38BEE5E5-2440-4918-B8CC-C0F77EEE56F4}.Debug|Any CPU.ActiveCfg = Debug|Any CPU
		{38BEE5E5-2440-4918-B8CC-C0F77EEE56F4}.Debug|Any CPU.Build.0 = Debug|Any CPU
		{38BEE5E5-2440-4918-B8CC-C0F77EEE56F4}.Release|Any CPU.ActiveCfg = Release|Any CPU
		{38BEE5E5-2440-4918-B8CC-C0F77EEE56F4}.Release|Any CPU.Build.0 = Release|Any CPU
	EndGlobalSection
	GlobalSection(SolutionProperties) = preSolution
		HideSolutionNode = FALSE
	EndGlobalSection
	GlobalSection(NestedProjects) = preSolution
		{688EAC32-0FF5-4169-AE3C-FF2E9C3E33DF} = {2636973F-A4A4-447F-A1EF-93CE35620313}
		{72C02B0E-3286-43AE-B0A7-FF8695E16A07} = {688EAC32-0FF5-4169-AE3C-FF2E9C3E33DF}
		{BD66A3F6-A8E5-46F5-A0B4-711FB261A271} = {2636973F-A4A4-447F-A1EF-93CE35620313}
		{27A4073F-29C3-46D5-89A6-8732A228606C} = {BD66A3F6-A8E5-46F5-A0B4-711FB261A271}
		{38BEE5E5-2440-4918-B8CC-C0F77EEE56F4} = {BD66A3F6-A8E5-46F5-A0B4-711FB261A271}
		{6A205F56-3C8C-4070-9604-81B8759FA5BD} = {2636973F-A4A4-447F-A1EF-93CE35620313}
	EndGlobalSection
	GlobalSection(ExtensibilityGlobals) = postSolution
		SolutionGuid = {8979D426-D12F-4FE0-BD88-6E177E169BB2}
	EndGlobalSection
EndGlobal
